// !$*UTF8*$!
{
	archiveVersion = 1;
	classes = {
	};
	objectVersion = 46;
	objects = {

/* Begin PBXBuildFile section */
		5714A8BE18BD322900ED67EE /* InfoPlist.strings in Resources */ = {isa = PBXBuildFile; fileRef = 5714A8BC18BD322900ED67EE /* InfoPlist.strings */; };
		5714A8C018BD322900ED67EE /* main.m in Sources */ = {isa = PBXBuildFile; fileRef = 5714A8BF18BD322900ED67EE /* main.m */; };
		5714A8C718BD322900ED67EE /* GtDocument.m in Sources */ = {isa = PBXBuildFile; fileRef = 5714A8C618BD322900ED67EE /* GtDocument.m */; };
		5714A8CD18BD322900ED67EE /* MainMenu.xib in Resources */ = {isa = PBXBuildFile; fileRef = 5714A8CB18BD322900ED67EE /* MainMenu.xib */; };
		5714A8CF18BD322900ED67EE /* Images.xcassets in Resources */ = {isa = PBXBuildFile; fileRef = 5714A8CE18BD322900ED67EE /* Images.xcassets */; };
		5721E87118C6212D000DA2C3 /* FoundationExtensions.m in Sources */ = {isa = PBXBuildFile; fileRef = 5721E87018C6212D000DA2C3 /* FoundationExtensions.m */; settings = {COMPILER_FLAGS = "-fno-objc-arc"; }; };
		5721E87418C67439000DA2C3 /* GtTreeViewController.m in Sources */ = {isa = PBXBuildFile; fileRef = 5721E87318C67439000DA2C3 /* GtTreeViewController.m */; };
		5721E87718C6745A000DA2C3 /* GtTreeView.xib in Resources */ = {isa = PBXBuildFile; fileRef = 5721E87518C6745A000DA2C3 /* GtTreeView.xib */; };
		5721E87A18C69363000DA2C3 /* GtColor.m in Sources */ = {isa = PBXBuildFile; fileRef = 5721E87918C69363000DA2C3 /* GtColor.m */; };
		5721E88018C6A2DF000DA2C3 /* GtSplitViewController.m in Sources */ = {isa = PBXBuildFile; fileRef = 5721E87F18C6A2DF000DA2C3 /* GtSplitViewController.m */; };
		5725D96918D8C82500DECE97 /* GtTreeView.m in Sources */ = {isa = PBXBuildFile; fileRef = 5725D96818D8C82500DECE97 /* GtTreeView.m */; };
		572A5B1E18C4CD4100AB8086 /* GtSplitView.m in Sources */ = {isa = PBXBuildFile; fileRef = 572A5B1918C4CD4100AB8086 /* GtSplitView.m */; };
		572A5B1F18C4CD4100AB8086 /* GtViewController.m in Sources */ = {isa = PBXBuildFile; fileRef = 572A5B1B18C4CD4100AB8086 /* GtViewController.m */; };
		572A5B2018C4CD4100AB8086 /* GtWindowController.m in Sources */ = {isa = PBXBuildFile; fileRef = 572A5B1D18C4CD4100AB8086 /* GtWindowController.m */; };
		572A5B2318C4CE2000AB8086 /* GtAppDelegate.m in Sources */ = {isa = PBXBuildFile; fileRef = 572A5B2218C4CE2000AB8086 /* GtAppDelegate.m */; };
		572A5B2818C4CF6200AB8086 /* GtWindow.xib in Resources */ = {isa = PBXBuildFile; fileRef = 572A5B2618C4CF6200AB8086 /* GtWindow.xib */; };
		572B2F7B18D605F700BF4B1C /* Glint.icns in Resources */ = {isa = PBXBuildFile; fileRef = 572B2F7918D605F700BF4B1C /* Glint.icns */; };
		572B2F7C18D605F700BF4B1C /* GlintDocument.icns in Resources */ = {isa = PBXBuildFile; fileRef = 572B2F7A18D605F700BF4B1C /* GlintDocument.icns */; };
		572BFA9618D72256000E9B84 /* GtInspectorControl.m in Sources */ = {isa = PBXBuildFile; fileRef = 572BFA9118D72255000E9B84 /* GtInspectorControl.m */; };
		572BFA9718D72256000E9B84 /* GtInspectorItem.m in Sources */ = {isa = PBXBuildFile; fileRef = 572BFA9318D72255000E9B84 /* GtInspectorItem.m */; };
		572BFA9818D72256000E9B84 /* GtInspectorViewController.m in Sources */ = {isa = PBXBuildFile; fileRef = 572BFA9518D72255000E9B84 /* GtInspectorViewController.m */; };
		572BFA9B18D72263000E9B84 /* GtInspectorView.xib in Resources */ = {isa = PBXBuildFile; fileRef = 572BFA9918D72263000E9B84 /* GtInspectorView.xib */; };
		572BFA9E18D72722000E9B84 /* GtTabView.xib in Resources */ = {isa = PBXBuildFile; fileRef = 572BFA9C18D72722000E9B84 /* GtTabView.xib */; };
		572BFAA118D72815000E9B84 /* GtTabViewController.m in Sources */ = {isa = PBXBuildFile; fileRef = 572BFAA018D72815000E9B84 /* GtTabViewController.m */; };
		572BFAA318D73E6D000E9B84 /* view-controllers.json in Resources */ = {isa = PBXBuildFile; fileRef = 572BFAA218D73E6D000E9B84 /* view-controllers.json */; };
		572BFAA518D74089000E9B84 /* defaults.json in Resources */ = {isa = PBXBuildFile; fileRef = 572BFAA418D74089000E9B84 /* defaults.json */; };
		572BFAB018D74E21000E9B84 /* GtInspectorBoolControl.m in Sources */ = {isa = PBXBuildFile; fileRef = 572BFAA718D74E21000E9B84 /* GtInspectorBoolControl.m */; };
		572BFAB118D74E21000E9B84 /* GtInspectorColorControl.m in Sources */ = {isa = PBXBuildFile; fileRef = 572BFAA918D74E21000E9B84 /* GtInspectorColorControl.m */; };
		572BFAB218D74E21000E9B84 /* GtInspectorEnumControl.m in Sources */ = {isa = PBXBuildFile; fileRef = 572BFAAB18D74E21000E9B84 /* GtInspectorEnumControl.m */; };
		572BFAB318D74E21000E9B84 /* GtInspectorNumberControl.m in Sources */ = {isa = PBXBuildFile; fileRef = 572BFAAD18D74E21000E9B84 /* GtInspectorNumberControl.m */; };
		572BFAB418D74E21000E9B84 /* GtInspectorStringControl.m in Sources */ = {isa = PBXBuildFile; fileRef = 572BFAAF18D74E21000E9B84 /* GtInspectorStringControl.m */; };
		572BFAB718D751E5000E9B84 /* classes.json in Resources */ = {isa = PBXBuildFile; fileRef = 572BFAB518D751E5000E9B84 /* classes.json */; };
		572BFAB818D751E5000E9B84 /* inspector.json in Resources */ = {isa = PBXBuildFile; fileRef = 572BFAB618D751E5000E9B84 /* inspector.json */; };
		572BFABB18D76363000E9B84 /* GtNumericTextField.m in Sources */ = {isa = PBXBuildFile; fileRef = 572BFABA18D76363000E9B84 /* GtNumericTextField.m */; };
		57369C4A18E1E70700A9FD0A /* MgBezierTimingFunction.mm in Sources */ = {isa = PBXBuildFile; fileRef = 57369C4918E1E70700A9FD0A /* MgBezierTimingFunction.mm */; };
		57369C4D18E1E70E00A9FD0A /* MgTimingFunction.m in Sources */ = {isa = PBXBuildFile; fileRef = 57369C4C18E1E70E00A9FD0A /* MgTimingFunction.m */; };
		57369C5918E23EA000A9FD0A /* MgFunction.m in Sources */ = {isa = PBXBuildFile; fileRef = 57369C5818E23EA000A9FD0A /* MgFunction.m */; };
		57369C5C18E23F1600A9FD0A /* MgNodeTransition.m in Sources */ = {isa = PBXBuildFile; fileRef = 57369C5B18E23F1600A9FD0A /* MgNodeTransition.m */; };
		5738567818C746D80010CFB7 /* GtTreeNode.m in Sources */ = {isa = PBXBuildFile; fileRef = 5738567718C746D80010CFB7 /* GtTreeNode.m */; };
		5738567B18C74CCC0010CFB7 /* AppKitExtensions.m in Sources */ = {isa = PBXBuildFile; fileRef = 5738567A18C74CCC0010CFB7 /* AppKitExtensions.m */; };
		575ACEF018CFCFE100161C70 /* MgCoreAnimationLayer.m in Sources */ = {isa = PBXBuildFile; fileRef = 575ACED018CFCFE100161C70 /* MgCoreAnimationLayer.m */; };
		575ACEF118CFCFE100161C70 /* MgDrawingLayer.m in Sources */ = {isa = PBXBuildFile; fileRef = 575ACED218CFCFE100161C70 /* MgDrawingLayer.m */; };
		575ACEF318CFCFE100161C70 /* MgGradientLayer.m in Sources */ = {isa = PBXBuildFile; fileRef = 575ACED618CFCFE100161C70 /* MgGradientLayer.m */; };
		575ACEF518CFCFE100161C70 /* MgImageLayer.m in Sources */ = {isa = PBXBuildFile; fileRef = 575ACEDA18CFCFE100161C70 /* MgImageLayer.m */; };
		575ACEF618CFCFE100161C70 /* MgImageProvider.m in Sources */ = {isa = PBXBuildFile; fileRef = 575ACEDC18CFCFE100161C70 /* MgImageProvider.m */; };
		575ACEF718CFCFE100161C70 /* MgLayer.m in Sources */ = {isa = PBXBuildFile; fileRef = 575ACEDE18CFCFE100161C70 /* MgLayer.m */; };
		575ACEF818CFCFE100161C70 /* MgLayerPasteboard.m in Sources */ = {isa = PBXBuildFile; fileRef = 575ACEE018CFCFE100161C70 /* MgLayerPasteboard.m */; };
		575ACEF918CFCFE100161C70 /* MgNode.m in Sources */ = {isa = PBXBuildFile; fileRef = 575ACEE218CFCFE100161C70 /* MgNode.m */; };
		575ACEFA18CFCFE100161C70 /* MgNodePasteboard.m in Sources */ = {isa = PBXBuildFile; fileRef = 575ACEE518CFCFE100161C70 /* MgNodePasteboard.m */; };
		575ACEFB18CFCFE100161C70 /* MgPathLayer.m in Sources */ = {isa = PBXBuildFile; fileRef = 575ACEE718CFCFE100161C70 /* MgPathLayer.m */; };
		575ACEFC18CFCFE100161C70 /* MgRectLayer.m in Sources */ = {isa = PBXBuildFile; fileRef = 575ACEE918CFCFE100161C70 /* MgRectLayer.m */; };
		575ACF0018CFD00100161C70 /* MgGroupLayer.m in Sources */ = {isa = PBXBuildFile; fileRef = 575ACEFF18CFD00100161C70 /* MgGroupLayer.m */; };
		57618DB718C5D1B6004108D8 /* GtViewerView.m in Sources */ = {isa = PBXBuildFile; fileRef = 57618DB418C5D1B6004108D8 /* GtViewerView.m */; };
		57618DB818C5D1B6004108D8 /* GtViewerViewController.m in Sources */ = {isa = PBXBuildFile; fileRef = 57618DB618C5D1B6004108D8 /* GtViewerViewController.m */; };
		57618DBB18C5D1F5004108D8 /* GtViewerView.xib in Resources */ = {isa = PBXBuildFile; fileRef = 57618DB918C5D1F5004108D8 /* GtViewerView.xib */; };
		57618DBE18C5D538004108D8 /* CoreAnimationExtensions.m in Sources */ = {isa = PBXBuildFile; fileRef = 57618DBD18C5D538004108D8 /* CoreAnimationExtensions.m */; };
		579CAFD118C381BD0051454F /* MgCoreGraphics.c in Sources */ = {isa = PBXBuildFile; fileRef = 579CAFCF18C381BD0051454F /* MgCoreGraphics.c */; };
		579CAFD918C3F63A0051454F /* MgCoderExtensions.m in Sources */ = {isa = PBXBuildFile; fileRef = 579CAFD818C3F63A0051454F /* MgCoderExtensions.m */; };
		57B111B718D0BB8C00A41A64 /* GtViewerOverlayLayer.m in Sources */ = {isa = PBXBuildFile; fileRef = 57B111B618D0BB8C00A41A64 /* GtViewerOverlayLayer.m */; };
		57DE109E18DDA99F00B8EC27 /* GtStateListViewController.m in Sources */ = {isa = PBXBuildFile; fileRef = 57DE109D18DDA99F00B8EC27 /* GtStateListViewController.m */; };
		57DE10A318DDF15900B8EC27 /* GtStateListView.xib in Resources */ = {isa = PBXBuildFile; fileRef = 57DE10A118DDF15900B8EC27 /* GtStateListView.xib */; };
		57E776B318BD3478007CD31F /* Quartz.framework in Frameworks */ = {isa = PBXBuildFile; fileRef = 57E776B218BD3478007CD31F /* Quartz.framework */; };
		57E776B418BD347D007CD31F /* AppKit.framework in Frameworks */ = {isa = PBXBuildFile; fileRef = 5714A8B618BD322900ED67EE /* AppKit.framework */; };
		57E776B618BD3488007CD31F /* ImageIO.framework in Frameworks */ = {isa = PBXBuildFile; fileRef = 57E776B518BD3487007CD31F /* ImageIO.framework */; };
		57E776B818BD348D007CD31F /* CoreGraphics.framework in Frameworks */ = {isa = PBXBuildFile; fileRef = 57E776B718BD348D007CD31F /* CoreGraphics.framework */; };
		57E776B918BD3493007CD31F /* Foundation.framework in Frameworks */ = {isa = PBXBuildFile; fileRef = 5714A8B818BD322900ED67EE /* Foundation.framework */; };
		57E776BB18BD3498007CD31F /* CoreFoundation.framework in Frameworks */ = {isa = PBXBuildFile; fileRef = 57E776BA18BD3498007CD31F /* CoreFoundation.framework */; };
		57F567DF18DB63B4006E1B3C /* MgGradientLayerState.m in Sources */ = {isa = PBXBuildFile; fileRef = 57F567CF18DB63B4006E1B3C /* MgGradientLayerState.m */; };
		57F567E018DB63B4006E1B3C /* MgGroupLayerState.m in Sources */ = {isa = PBXBuildFile; fileRef = 57F567D118DB63B4006E1B3C /* MgGroupLayerState.m */; };
		57F567E118DB63B4006E1B3C /* MgImageLayerState.m in Sources */ = {isa = PBXBuildFile; fileRef = 57F567D318DB63B4006E1B3C /* MgImageLayerState.m */; };
		57F567E218DB63B4006E1B3C /* MgLayerState.m in Sources */ = {isa = PBXBuildFile; fileRef = 57F567D518DB63B4006E1B3C /* MgLayerState.m */; };
		57F567E318DB63B4006E1B3C /* MgNodeState.m in Sources */ = {isa = PBXBuildFile; fileRef = 57F567D718DB63B4006E1B3C /* MgNodeState.m */; };
		57F567E418DB63B4006E1B3C /* MgPathLayerState.m in Sources */ = {isa = PBXBuildFile; fileRef = 57F567D918DB63B4006E1B3C /* MgPathLayerState.m */; };
		57F567E518DB63B4006E1B3C /* MgRectLayerState.m in Sources */ = {isa = PBXBuildFile; fileRef = 57F567DB18DB63B4006E1B3C /* MgRectLayerState.m */; };
		57F567E918DBB388006E1B3C /* MgModuleLayer.m in Sources */ = {isa = PBXBuildFile; fileRef = 57F567E818DBB388006E1B3C /* MgModuleLayer.m */; };
		57F567EC18DBB70C006E1B3C /* MgModuleState.m in Sources */ = {isa = PBXBuildFile; fileRef = 57F567EB18DBB70C006E1B3C /* MgModuleState.m */; };
/* End PBXBuildFile section */

/* Begin PBXFileReference section */
		5714A8B018BD322900ED67EE /* Glint.app */ = {isa = PBXFileReference; explicitFileType = wrapper.application; includeInIndex = 0; path = Glint.app; sourceTree = BUILT_PRODUCTS_DIR; };
		5714A8B618BD322900ED67EE /* AppKit.framework */ = {isa = PBXFileReference; lastKnownFileType = wrapper.framework; name = AppKit.framework; path = System/Library/Frameworks/AppKit.framework; sourceTree = SDKROOT; };
		5714A8B818BD322900ED67EE /* Foundation.framework */ = {isa = PBXFileReference; lastKnownFileType = wrapper.framework; name = Foundation.framework; path = System/Library/Frameworks/Foundation.framework; sourceTree = SDKROOT; };
		5714A8BB18BD322900ED67EE /* Glint-Info.plist */ = {isa = PBXFileReference; lastKnownFileType = text.plist.xml; name = "Glint-Info.plist"; path = "resources/Glint-Info.plist"; sourceTree = "<group>"; };
		5714A8BD18BD322900ED67EE /* en */ = {isa = PBXFileReference; lastKnownFileType = text.plist.strings; name = en; path = en.lproj/InfoPlist.strings; sourceTree = "<group>"; };
		5714A8BF18BD322900ED67EE /* main.m */ = {isa = PBXFileReference; lastKnownFileType = sourcecode.c.objc; name = main.m; path = src/main.m; sourceTree = "<group>"; };
		5714A8C118BD322900ED67EE /* Glint-Prefix.pch */ = {isa = PBXFileReference; lastKnownFileType = sourcecode.c.h; name = "Glint-Prefix.pch"; path = "src/Glint-Prefix.pch"; sourceTree = "<group>"; };
		5714A8C518BD322900ED67EE /* GtDocument.h */ = {isa = PBXFileReference; lastKnownFileType = sourcecode.c.h; name = GtDocument.h; path = src/GtDocument.h; sourceTree = SOURCE_ROOT; };
		5714A8C618BD322900ED67EE /* GtDocument.m */ = {isa = PBXFileReference; lastKnownFileType = sourcecode.c.objc; name = GtDocument.m; path = src/GtDocument.m; sourceTree = "<group>"; };
		5714A8CC18BD322900ED67EE /* Base */ = {isa = PBXFileReference; lastKnownFileType = file.xib; name = Base; path = Base.lproj/MainMenu.xib; sourceTree = "<group>"; };
		5714A8CE18BD322900ED67EE /* Images.xcassets */ = {isa = PBXFileReference; lastKnownFileType = folder.assetcatalog; name = Images.xcassets; path = resources/Images.xcassets; sourceTree = "<group>"; };
		5721E86F18C6212D000DA2C3 /* FoundationExtensions.h */ = {isa = PBXFileReference; fileEncoding = 4; lastKnownFileType = sourcecode.c.h; name = FoundationExtensions.h; path = src/FoundationExtensions.h; sourceTree = "<group>"; };
		5721E87018C6212D000DA2C3 /* FoundationExtensions.m */ = {isa = PBXFileReference; fileEncoding = 4; lastKnownFileType = sourcecode.c.objc; name = FoundationExtensions.m; path = src/FoundationExtensions.m; sourceTree = "<group>"; };
		5721E87218C67439000DA2C3 /* GtTreeViewController.h */ = {isa = PBXFileReference; fileEncoding = 4; lastKnownFileType = sourcecode.c.h; name = GtTreeViewController.h; path = src/GtTreeViewController.h; sourceTree = "<group>"; };
		5721E87318C67439000DA2C3 /* GtTreeViewController.m */ = {isa = PBXFileReference; fileEncoding = 4; lastKnownFileType = sourcecode.c.objc; name = GtTreeViewController.m; path = src/GtTreeViewController.m; sourceTree = "<group>"; };
		5721E87618C6745A000DA2C3 /* en */ = {isa = PBXFileReference; lastKnownFileType = file.xib; name = en; path = resources/en.lproj/GtTreeView.xib; sourceTree = "<group>"; };
		5721E87818C69362000DA2C3 /* GtColor.h */ = {isa = PBXFileReference; fileEncoding = 4; lastKnownFileType = sourcecode.c.h; name = GtColor.h; path = src/GtColor.h; sourceTree = "<group>"; };
		5721E87918C69363000DA2C3 /* GtColor.m */ = {isa = PBXFileReference; fileEncoding = 4; lastKnownFileType = sourcecode.c.objc; name = GtColor.m; path = src/GtColor.m; sourceTree = "<group>"; };
		5721E87E18C6A2DF000DA2C3 /* GtSplitViewController.h */ = {isa = PBXFileReference; fileEncoding = 4; lastKnownFileType = sourcecode.c.h; name = GtSplitViewController.h; path = src/GtSplitViewController.h; sourceTree = "<group>"; };
		5721E87F18C6A2DF000DA2C3 /* GtSplitViewController.m */ = {isa = PBXFileReference; fileEncoding = 4; lastKnownFileType = sourcecode.c.objc; name = GtSplitViewController.m; path = src/GtSplitViewController.m; sourceTree = "<group>"; };
		5725D96718D8C82500DECE97 /* GtTreeView.h */ = {isa = PBXFileReference; fileEncoding = 4; lastKnownFileType = sourcecode.c.h; name = GtTreeView.h; path = src/GtTreeView.h; sourceTree = "<group>"; };
		5725D96818D8C82500DECE97 /* GtTreeView.m */ = {isa = PBXFileReference; fileEncoding = 4; lastKnownFileType = sourcecode.c.objc; name = GtTreeView.m; path = src/GtTreeView.m; sourceTree = "<group>"; };
		572A5B1718C4CD4100AB8086 /* GtBase.h */ = {isa = PBXFileReference; fileEncoding = 4; lastKnownFileType = sourcecode.c.h; name = GtBase.h; path = src/GtBase.h; sourceTree = "<group>"; };
		572A5B1818C4CD4100AB8086 /* GtSplitView.h */ = {isa = PBXFileReference; fileEncoding = 4; lastKnownFileType = sourcecode.c.h; name = GtSplitView.h; path = src/GtSplitView.h; sourceTree = "<group>"; };
		572A5B1918C4CD4100AB8086 /* GtSplitView.m */ = {isa = PBXFileReference; fileEncoding = 4; lastKnownFileType = sourcecode.c.objc; name = GtSplitView.m; path = src/GtSplitView.m; sourceTree = "<group>"; };
		572A5B1A18C4CD4100AB8086 /* GtViewController.h */ = {isa = PBXFileReference; fileEncoding = 4; lastKnownFileType = sourcecode.c.h; name = GtViewController.h; path = src/GtViewController.h; sourceTree = "<group>"; };
		572A5B1B18C4CD4100AB8086 /* GtViewController.m */ = {isa = PBXFileReference; fileEncoding = 4; lastKnownFileType = sourcecode.c.objc; name = GtViewController.m; path = src/GtViewController.m; sourceTree = "<group>"; };
		572A5B1C18C4CD4100AB8086 /* GtWindowController.h */ = {isa = PBXFileReference; fileEncoding = 4; lastKnownFileType = sourcecode.c.h; name = GtWindowController.h; path = src/GtWindowController.h; sourceTree = "<group>"; };
		572A5B1D18C4CD4100AB8086 /* GtWindowController.m */ = {isa = PBXFileReference; fileEncoding = 4; lastKnownFileType = sourcecode.c.objc; name = GtWindowController.m; path = src/GtWindowController.m; sourceTree = "<group>"; };
		572A5B2118C4CE2000AB8086 /* GtAppDelegate.h */ = {isa = PBXFileReference; fileEncoding = 4; lastKnownFileType = sourcecode.c.h; name = GtAppDelegate.h; path = src/GtAppDelegate.h; sourceTree = "<group>"; };
		572A5B2218C4CE2000AB8086 /* GtAppDelegate.m */ = {isa = PBXFileReference; fileEncoding = 4; lastKnownFileType = sourcecode.c.objc; name = GtAppDelegate.m; path = src/GtAppDelegate.m; sourceTree = "<group>"; };
		572A5B2718C4CF6200AB8086 /* en */ = {isa = PBXFileReference; lastKnownFileType = file.xib; name = en; path = resources/en.lproj/GtWindow.xib; sourceTree = "<group>"; };
		572B2F7918D605F700BF4B1C /* Glint.icns */ = {isa = PBXFileReference; lastKnownFileType = image.icns; name = Glint.icns; path = resources/Glint.icns; sourceTree = "<group>"; };
		572B2F7A18D605F700BF4B1C /* GlintDocument.icns */ = {isa = PBXFileReference; lastKnownFileType = image.icns; name = GlintDocument.icns; path = resources/GlintDocument.icns; sourceTree = "<group>"; };
		572BFA9018D72255000E9B84 /* GtInspectorControl.h */ = {isa = PBXFileReference; fileEncoding = 4; lastKnownFileType = sourcecode.c.h; name = GtInspectorControl.h; path = src/GtInspectorControl.h; sourceTree = "<group>"; };
		572BFA9118D72255000E9B84 /* GtInspectorControl.m */ = {isa = PBXFileReference; fileEncoding = 4; lastKnownFileType = sourcecode.c.objc; name = GtInspectorControl.m; path = src/GtInspectorControl.m; sourceTree = "<group>"; };
		572BFA9218D72255000E9B84 /* GtInspectorItem.h */ = {isa = PBXFileReference; fileEncoding = 4; lastKnownFileType = sourcecode.c.h; name = GtInspectorItem.h; path = src/GtInspectorItem.h; sourceTree = "<group>"; };
		572BFA9318D72255000E9B84 /* GtInspectorItem.m */ = {isa = PBXFileReference; fileEncoding = 4; lastKnownFileType = sourcecode.c.objc; name = GtInspectorItem.m; path = src/GtInspectorItem.m; sourceTree = "<group>"; };
		572BFA9418D72255000E9B84 /* GtInspectorViewController.h */ = {isa = PBXFileReference; fileEncoding = 4; lastKnownFileType = sourcecode.c.h; name = GtInspectorViewController.h; path = src/GtInspectorViewController.h; sourceTree = "<group>"; };
		572BFA9518D72255000E9B84 /* GtInspectorViewController.m */ = {isa = PBXFileReference; fileEncoding = 4; lastKnownFileType = sourcecode.c.objc; name = GtInspectorViewController.m; path = src/GtInspectorViewController.m; sourceTree = "<group>"; };
		572BFA9A18D72263000E9B84 /* en */ = {isa = PBXFileReference; lastKnownFileType = file.xib; name = en; path = resources/en.lproj/GtInspectorView.xib; sourceTree = "<group>"; };
		572BFA9D18D72722000E9B84 /* en */ = {isa = PBXFileReference; lastKnownFileType = file.xib; name = en; path = resources/en.lproj/GtTabView.xib; sourceTree = "<group>"; };
		572BFA9F18D72814000E9B84 /* GtTabViewController.h */ = {isa = PBXFileReference; fileEncoding = 4; lastKnownFileType = sourcecode.c.h; name = GtTabViewController.h; path = src/GtTabViewController.h; sourceTree = "<group>"; };
		572BFAA018D72815000E9B84 /* GtTabViewController.m */ = {isa = PBXFileReference; fileEncoding = 4; lastKnownFileType = sourcecode.c.objc; name = GtTabViewController.m; path = src/GtTabViewController.m; sourceTree = "<group>"; };
		572BFAA218D73E6D000E9B84 /* view-controllers.json */ = {isa = PBXFileReference; fileEncoding = 4; lastKnownFileType = text.json; name = "view-controllers.json"; path = "resources/view-controllers.json"; sourceTree = "<group>"; };
		572BFAA418D74089000E9B84 /* defaults.json */ = {isa = PBXFileReference; fileEncoding = 4; lastKnownFileType = text.json; name = defaults.json; path = resources/defaults.json; sourceTree = "<group>"; };
		572BFAA618D74E21000E9B84 /* GtInspectorBoolControl.h */ = {isa = PBXFileReference; fileEncoding = 4; lastKnownFileType = sourcecode.c.h; name = GtInspectorBoolControl.h; path = src/GtInspectorBoolControl.h; sourceTree = "<group>"; };
		572BFAA718D74E21000E9B84 /* GtInspectorBoolControl.m */ = {isa = PBXFileReference; fileEncoding = 4; lastKnownFileType = sourcecode.c.objc; name = GtInspectorBoolControl.m; path = src/GtInspectorBoolControl.m; sourceTree = "<group>"; };
		572BFAA818D74E21000E9B84 /* GtInspectorColorControl.h */ = {isa = PBXFileReference; fileEncoding = 4; lastKnownFileType = sourcecode.c.h; name = GtInspectorColorControl.h; path = src/GtInspectorColorControl.h; sourceTree = "<group>"; };
		572BFAA918D74E21000E9B84 /* GtInspectorColorControl.m */ = {isa = PBXFileReference; fileEncoding = 4; lastKnownFileType = sourcecode.c.objc; name = GtInspectorColorControl.m; path = src/GtInspectorColorControl.m; sourceTree = "<group>"; };
		572BFAAA18D74E21000E9B84 /* GtInspectorEnumControl.h */ = {isa = PBXFileReference; fileEncoding = 4; lastKnownFileType = sourcecode.c.h; name = GtInspectorEnumControl.h; path = src/GtInspectorEnumControl.h; sourceTree = "<group>"; };
		572BFAAB18D74E21000E9B84 /* GtInspectorEnumControl.m */ = {isa = PBXFileReference; fileEncoding = 4; lastKnownFileType = sourcecode.c.objc; name = GtInspectorEnumControl.m; path = src/GtInspectorEnumControl.m; sourceTree = "<group>"; };
		572BFAAC18D74E21000E9B84 /* GtInspectorNumberControl.h */ = {isa = PBXFileReference; fileEncoding = 4; lastKnownFileType = sourcecode.c.h; name = GtInspectorNumberControl.h; path = src/GtInspectorNumberControl.h; sourceTree = "<group>"; };
		572BFAAD18D74E21000E9B84 /* GtInspectorNumberControl.m */ = {isa = PBXFileReference; fileEncoding = 4; lastKnownFileType = sourcecode.c.objc; name = GtInspectorNumberControl.m; path = src/GtInspectorNumberControl.m; sourceTree = "<group>"; };
		572BFAAE18D74E21000E9B84 /* GtInspectorStringControl.h */ = {isa = PBXFileReference; fileEncoding = 4; lastKnownFileType = sourcecode.c.h; name = GtInspectorStringControl.h; path = src/GtInspectorStringControl.h; sourceTree = "<group>"; };
		572BFAAF18D74E21000E9B84 /* GtInspectorStringControl.m */ = {isa = PBXFileReference; fileEncoding = 4; lastKnownFileType = sourcecode.c.objc; name = GtInspectorStringControl.m; path = src/GtInspectorStringControl.m; sourceTree = "<group>"; };
		572BFAB518D751E5000E9B84 /* classes.json */ = {isa = PBXFileReference; fileEncoding = 4; lastKnownFileType = text.json; name = classes.json; path = resources/classes.json; sourceTree = "<group>"; };
		572BFAB618D751E5000E9B84 /* inspector.json */ = {isa = PBXFileReference; fileEncoding = 4; lastKnownFileType = text.json; name = inspector.json; path = resources/inspector.json; sourceTree = "<group>"; };
		572BFAB918D76363000E9B84 /* GtNumericTextField.h */ = {isa = PBXFileReference; fileEncoding = 4; lastKnownFileType = sourcecode.c.h; name = GtNumericTextField.h; path = src/GtNumericTextField.h; sourceTree = "<group>"; };
		572BFABA18D76363000E9B84 /* GtNumericTextField.m */ = {isa = PBXFileReference; fileEncoding = 4; lastKnownFileType = sourcecode.c.objc; name = GtNumericTextField.m; path = src/GtNumericTextField.m; sourceTree = "<group>"; };
		57369C4718E1E70000A9FD0A /* MgUnitBezier.h */ = {isa = PBXFileReference; fileEncoding = 4; lastKnownFileType = sourcecode.c.h; path = MgUnitBezier.h; sourceTree = "<group>"; };
		57369C4818E1E70700A9FD0A /* MgBezierTimingFunction.h */ = {isa = PBXFileReference; fileEncoding = 4; lastKnownFileType = sourcecode.c.h; path = MgBezierTimingFunction.h; sourceTree = "<group>"; };
		57369C4918E1E70700A9FD0A /* MgBezierTimingFunction.mm */ = {isa = PBXFileReference; fileEncoding = 4; lastKnownFileType = sourcecode.cpp.objcpp; path = MgBezierTimingFunction.mm; sourceTree = "<group>"; };
		57369C4B18E1E70E00A9FD0A /* MgTimingFunction.h */ = {isa = PBXFileReference; fileEncoding = 4; lastKnownFileType = sourcecode.c.h; path = MgTimingFunction.h; sourceTree = "<group>"; };
		57369C4C18E1E70E00A9FD0A /* MgTimingFunction.m */ = {isa = PBXFileReference; fileEncoding = 4; lastKnownFileType = sourcecode.c.objc; path = MgTimingFunction.m; sourceTree = "<group>"; };
		57369C5718E23EA000A9FD0A /* MgFunction.h */ = {isa = PBXFileReference; fileEncoding = 4; lastKnownFileType = sourcecode.c.h; path = MgFunction.h; sourceTree = "<group>"; };
		57369C5818E23EA000A9FD0A /* MgFunction.m */ = {isa = PBXFileReference; fileEncoding = 4; lastKnownFileType = sourcecode.c.objc; path = MgFunction.m; sourceTree = "<group>"; };
		57369C5A18E23F1600A9FD0A /* MgNodeTransition.h */ = {isa = PBXFileReference; fileEncoding = 4; lastKnownFileType = sourcecode.c.h; path = MgNodeTransition.h; sourceTree = "<group>"; };
		57369C5B18E23F1600A9FD0A /* MgNodeTransition.m */ = {isa = PBXFileReference; fileEncoding = 4; lastKnownFileType = sourcecode.c.objc; path = MgNodeTransition.m; sourceTree = "<group>"; };
		5738567618C746D80010CFB7 /* GtTreeNode.h */ = {isa = PBXFileReference; fileEncoding = 4; lastKnownFileType = sourcecode.c.h; name = GtTreeNode.h; path = src/GtTreeNode.h; sourceTree = "<group>"; };
		5738567718C746D80010CFB7 /* GtTreeNode.m */ = {isa = PBXFileReference; fileEncoding = 4; lastKnownFileType = sourcecode.c.objc; name = GtTreeNode.m; path = src/GtTreeNode.m; sourceTree = "<group>"; };
		5738567918C74CCC0010CFB7 /* AppKitExtensions.h */ = {isa = PBXFileReference; fileEncoding = 4; lastKnownFileType = sourcecode.c.h; name = AppKitExtensions.h; path = src/AppKitExtensions.h; sourceTree = "<group>"; };
		5738567A18C74CCC0010CFB7 /* AppKitExtensions.m */ = {isa = PBXFileReference; fileEncoding = 4; lastKnownFileType = sourcecode.c.objc; name = AppKitExtensions.m; path = src/AppKitExtensions.m; sourceTree = "<group>"; };
		574D310A18D2737300B1D094 /* Mg.h */ = {isa = PBXFileReference; fileEncoding = 4; lastKnownFileType = sourcecode.c.h; path = Mg.h; sourceTree = "<group>"; };
		575ACECA18CFCFE100161C70 /* MgBase.h */ = {isa = PBXFileReference; fileEncoding = 4; lastKnownFileType = sourcecode.c.h; path = MgBase.h; sourceTree = "<group>"; };
		575ACECF18CFCFE100161C70 /* MgCoreAnimationLayer.h */ = {isa = PBXFileReference; fileEncoding = 4; lastKnownFileType = sourcecode.c.h; path = MgCoreAnimationLayer.h; sourceTree = "<group>"; };
		575ACED018CFCFE100161C70 /* MgCoreAnimationLayer.m */ = {isa = PBXFileReference; fileEncoding = 4; lastKnownFileType = sourcecode.c.objc; path = MgCoreAnimationLayer.m; sourceTree = "<group>"; };
		575ACED118CFCFE100161C70 /* MgDrawingLayer.h */ = {isa = PBXFileReference; fileEncoding = 4; lastKnownFileType = sourcecode.c.h; path = MgDrawingLayer.h; sourceTree = "<group>"; };
		575ACED218CFCFE100161C70 /* MgDrawingLayer.m */ = {isa = PBXFileReference; fileEncoding = 4; lastKnownFileType = sourcecode.c.objc; path = MgDrawingLayer.m; sourceTree = "<group>"; };
		575ACED518CFCFE100161C70 /* MgGradientLayer.h */ = {isa = PBXFileReference; fileEncoding = 4; lastKnownFileType = sourcecode.c.h; path = MgGradientLayer.h; sourceTree = "<group>"; };
		575ACED618CFCFE100161C70 /* MgGradientLayer.m */ = {isa = PBXFileReference; fileEncoding = 4; lastKnownFileType = sourcecode.c.objc; path = MgGradientLayer.m; sourceTree = "<group>"; };
		575ACED918CFCFE100161C70 /* MgImageLayer.h */ = {isa = PBXFileReference; fileEncoding = 4; lastKnownFileType = sourcecode.c.h; path = MgImageLayer.h; sourceTree = "<group>"; };
		575ACEDA18CFCFE100161C70 /* MgImageLayer.m */ = {isa = PBXFileReference; fileEncoding = 4; lastKnownFileType = sourcecode.c.objc; path = MgImageLayer.m; sourceTree = "<group>"; };
		575ACEDB18CFCFE100161C70 /* MgImageProvider.h */ = {isa = PBXFileReference; fileEncoding = 4; lastKnownFileType = sourcecode.c.h; path = MgImageProvider.h; sourceTree = "<group>"; };
		575ACEDC18CFCFE100161C70 /* MgImageProvider.m */ = {isa = PBXFileReference; fileEncoding = 4; lastKnownFileType = sourcecode.c.objc; path = MgImageProvider.m; sourceTree = "<group>"; };
		575ACEDD18CFCFE100161C70 /* MgLayer.h */ = {isa = PBXFileReference; fileEncoding = 4; lastKnownFileType = sourcecode.c.h; path = MgLayer.h; sourceTree = "<group>"; };
		575ACEDE18CFCFE100161C70 /* MgLayer.m */ = {isa = PBXFileReference; fileEncoding = 4; lastKnownFileType = sourcecode.c.objc; path = MgLayer.m; sourceTree = "<group>"; };
		575ACEDF18CFCFE100161C70 /* MgLayerInternal.h */ = {isa = PBXFileReference; fileEncoding = 4; lastKnownFileType = sourcecode.c.h; path = MgLayerInternal.h; sourceTree = "<group>"; };
		575ACEE018CFCFE100161C70 /* MgLayerPasteboard.m */ = {isa = PBXFileReference; fileEncoding = 4; lastKnownFileType = sourcecode.c.objc; path = MgLayerPasteboard.m; sourceTree = "<group>"; };
		575ACEE118CFCFE100161C70 /* MgNode.h */ = {isa = PBXFileReference; fileEncoding = 4; lastKnownFileType = sourcecode.c.h; path = MgNode.h; sourceTree = "<group>"; };
		575ACEE218CFCFE100161C70 /* MgNode.m */ = {isa = PBXFileReference; fileEncoding = 4; lastKnownFileType = sourcecode.c.objc; path = MgNode.m; sourceTree = "<group>"; };
		575ACEE318CFCFE100161C70 /* MgNodeInternal.h */ = {isa = PBXFileReference; fileEncoding = 4; lastKnownFileType = sourcecode.c.h; path = MgNodeInternal.h; sourceTree = "<group>"; };
		575ACEE418CFCFE100161C70 /* MgNodePasteboard.h */ = {isa = PBXFileReference; fileEncoding = 4; lastKnownFileType = sourcecode.c.h; path = MgNodePasteboard.h; sourceTree = "<group>"; };
		575ACEE518CFCFE100161C70 /* MgNodePasteboard.m */ = {isa = PBXFileReference; fileEncoding = 4; lastKnownFileType = sourcecode.c.objc; path = MgNodePasteboard.m; sourceTree = "<group>"; };
		575ACEE618CFCFE100161C70 /* MgPathLayer.h */ = {isa = PBXFileReference; fileEncoding = 4; lastKnownFileType = sourcecode.c.h; path = MgPathLayer.h; sourceTree = "<group>"; };
		575ACEE718CFCFE100161C70 /* MgPathLayer.m */ = {isa = PBXFileReference; fileEncoding = 4; lastKnownFileType = sourcecode.c.objc; path = MgPathLayer.m; sourceTree = "<group>"; };
		575ACEE818CFCFE100161C70 /* MgRectLayer.h */ = {isa = PBXFileReference; fileEncoding = 4; lastKnownFileType = sourcecode.c.h; path = MgRectLayer.h; sourceTree = "<group>"; };
		575ACEE918CFCFE100161C70 /* MgRectLayer.m */ = {isa = PBXFileReference; fileEncoding = 4; lastKnownFileType = sourcecode.c.objc; path = MgRectLayer.m; sourceTree = "<group>"; };
		575ACEFE18CFD00100161C70 /* MgGroupLayer.h */ = {isa = PBXFileReference; fileEncoding = 4; lastKnownFileType = sourcecode.c.h; path = MgGroupLayer.h; sourceTree = "<group>"; };
		575ACEFF18CFD00100161C70 /* MgGroupLayer.m */ = {isa = PBXFileReference; fileEncoding = 4; lastKnownFileType = sourcecode.c.objc; path = MgGroupLayer.m; sourceTree = "<group>"; };
		57618DB318C5D1B6004108D8 /* GtViewerView.h */ = {isa = PBXFileReference; fileEncoding = 4; lastKnownFileType = sourcecode.c.h; name = GtViewerView.h; path = src/GtViewerView.h; sourceTree = "<group>"; };
		57618DB418C5D1B6004108D8 /* GtViewerView.m */ = {isa = PBXFileReference; fileEncoding = 4; lastKnownFileType = sourcecode.c.objc; name = GtViewerView.m; path = src/GtViewerView.m; sourceTree = "<group>"; };
		57618DB518C5D1B6004108D8 /* GtViewerViewController.h */ = {isa = PBXFileReference; fileEncoding = 4; lastKnownFileType = sourcecode.c.h; name = GtViewerViewController.h; path = src/GtViewerViewController.h; sourceTree = "<group>"; };
		57618DB618C5D1B6004108D8 /* GtViewerViewController.m */ = {isa = PBXFileReference; fileEncoding = 4; lastKnownFileType = sourcecode.c.objc; name = GtViewerViewController.m; path = src/GtViewerViewController.m; sourceTree = "<group>"; };
		57618DBA18C5D1F5004108D8 /* en */ = {isa = PBXFileReference; lastKnownFileType = file.xib; name = en; path = resources/en.lproj/GtViewerView.xib; sourceTree = "<group>"; };
		57618DBC18C5D538004108D8 /* CoreAnimationExtensions.h */ = {isa = PBXFileReference; fileEncoding = 4; lastKnownFileType = sourcecode.c.h; name = CoreAnimationExtensions.h; path = src/CoreAnimationExtensions.h; sourceTree = "<group>"; };
		57618DBD18C5D538004108D8 /* CoreAnimationExtensions.m */ = {isa = PBXFileReference; fileEncoding = 4; lastKnownFileType = sourcecode.c.objc; name = CoreAnimationExtensions.m; path = src/CoreAnimationExtensions.m; sourceTree = "<group>"; };
		579CAFCF18C381BD0051454F /* MgCoreGraphics.c */ = {isa = PBXFileReference; fileEncoding = 4; lastKnownFileType = sourcecode.c.c; name = MgCoreGraphics.c; path = lib/util/MgCoreGraphics.c; sourceTree = SOURCE_ROOT; };
		579CAFD018C381BD0051454F /* MgCoreGraphics.h */ = {isa = PBXFileReference; fileEncoding = 4; lastKnownFileType = sourcecode.c.h; name = MgCoreGraphics.h; path = lib/util/MgCoreGraphics.h; sourceTree = SOURCE_ROOT; };
		579CAFD218C385310051454F /* MgMacros.h */ = {isa = PBXFileReference; fileEncoding = 4; lastKnownFileType = sourcecode.c.h; path = MgMacros.h; sourceTree = "<group>"; };
		579CAFD718C3F63A0051454F /* MgCoderExtensions.h */ = {isa = PBXFileReference; fileEncoding = 4; lastKnownFileType = sourcecode.c.h; path = MgCoderExtensions.h; sourceTree = "<group>"; };
		579CAFD818C3F63A0051454F /* MgCoderExtensions.m */ = {isa = PBXFileReference; fileEncoding = 4; lastKnownFileType = sourcecode.c.objc; path = MgCoderExtensions.m; sourceTree = "<group>"; };
		57B111B518D0BB8C00A41A64 /* GtViewerOverlayLayer.h */ = {isa = PBXFileReference; fileEncoding = 4; lastKnownFileType = sourcecode.c.h; name = GtViewerOverlayLayer.h; path = src/GtViewerOverlayLayer.h; sourceTree = "<group>"; };
		57B111B618D0BB8C00A41A64 /* GtViewerOverlayLayer.m */ = {isa = PBXFileReference; fileEncoding = 4; lastKnownFileType = sourcecode.c.objc; name = GtViewerOverlayLayer.m; path = src/GtViewerOverlayLayer.m; sourceTree = "<group>"; };
		57DE109C18DDA99F00B8EC27 /* GtStateListViewController.h */ = {isa = PBXFileReference; fileEncoding = 4; lastKnownFileType = sourcecode.c.h; name = GtStateListViewController.h; path = src/GtStateListViewController.h; sourceTree = "<group>"; };
		57DE109D18DDA99F00B8EC27 /* GtStateListViewController.m */ = {isa = PBXFileReference; fileEncoding = 4; lastKnownFileType = sourcecode.c.objc; name = GtStateListViewController.m; path = src/GtStateListViewController.m; sourceTree = "<group>"; };
		57DE10A218DDF15900B8EC27 /* en */ = {isa = PBXFileReference; lastKnownFileType = file.xib; name = en; path = resources/en.lproj/GtStateListView.xib; sourceTree = "<group>"; };
		57E776B218BD3478007CD31F /* Quartz.framework */ = {isa = PBXFileReference; lastKnownFileType = wrapper.framework; name = Quartz.framework; path = System/Library/Frameworks/Quartz.framework; sourceTree = SDKROOT; };
		57E776B518BD3487007CD31F /* ImageIO.framework */ = {isa = PBXFileReference; lastKnownFileType = wrapper.framework; name = ImageIO.framework; path = System/Library/Frameworks/ImageIO.framework; sourceTree = SDKROOT; };
		57E776B718BD348D007CD31F /* CoreGraphics.framework */ = {isa = PBXFileReference; lastKnownFileType = wrapper.framework; name = CoreGraphics.framework; path = System/Library/Frameworks/CoreGraphics.framework; sourceTree = SDKROOT; };
		57E776BA18BD3498007CD31F /* CoreFoundation.framework */ = {isa = PBXFileReference; lastKnownFileType = wrapper.framework; name = CoreFoundation.framework; path = System/Library/Frameworks/CoreFoundation.framework; sourceTree = SDKROOT; };
		57F567CE18DB63B4006E1B3C /* MgGradientLayerState.h */ = {isa = PBXFileReference; fileEncoding = 4; lastKnownFileType = sourcecode.c.h; path = MgGradientLayerState.h; sourceTree = "<group>"; };
		57F567CF18DB63B4006E1B3C /* MgGradientLayerState.m */ = {isa = PBXFileReference; fileEncoding = 4; lastKnownFileType = sourcecode.c.objc; path = MgGradientLayerState.m; sourceTree = "<group>"; };
		57F567D018DB63B4006E1B3C /* MgGroupLayerState.h */ = {isa = PBXFileReference; fileEncoding = 4; lastKnownFileType = sourcecode.c.h; path = MgGroupLayerState.h; sourceTree = "<group>"; };
		57F567D118DB63B4006E1B3C /* MgGroupLayerState.m */ = {isa = PBXFileReference; fileEncoding = 4; lastKnownFileType = sourcecode.c.objc; path = MgGroupLayerState.m; sourceTree = "<group>"; };
		57F567D218DB63B4006E1B3C /* MgImageLayerState.h */ = {isa = PBXFileReference; fileEncoding = 4; lastKnownFileType = sourcecode.c.h; path = MgImageLayerState.h; sourceTree = "<group>"; };
		57F567D318DB63B4006E1B3C /* MgImageLayerState.m */ = {isa = PBXFileReference; fileEncoding = 4; lastKnownFileType = sourcecode.c.objc; path = MgImageLayerState.m; sourceTree = "<group>"; };
		57F567D418DB63B4006E1B3C /* MgLayerState.h */ = {isa = PBXFileReference; fileEncoding = 4; lastKnownFileType = sourcecode.c.h; path = MgLayerState.h; sourceTree = "<group>"; };
		57F567D518DB63B4006E1B3C /* MgLayerState.m */ = {isa = PBXFileReference; fileEncoding = 4; lastKnownFileType = sourcecode.c.objc; path = MgLayerState.m; sourceTree = "<group>"; };
		57F567D618DB63B4006E1B3C /* MgNodeState.h */ = {isa = PBXFileReference; fileEncoding = 4; lastKnownFileType = sourcecode.c.h; path = MgNodeState.h; sourceTree = "<group>"; };
		57F567D718DB63B4006E1B3C /* MgNodeState.m */ = {isa = PBXFileReference; fileEncoding = 4; lastKnownFileType = sourcecode.c.objc; path = MgNodeState.m; sourceTree = "<group>"; };
		57F567D818DB63B4006E1B3C /* MgPathLayerState.h */ = {isa = PBXFileReference; fileEncoding = 4; lastKnownFileType = sourcecode.c.h; path = MgPathLayerState.h; sourceTree = "<group>"; };
		57F567D918DB63B4006E1B3C /* MgPathLayerState.m */ = {isa = PBXFileReference; fileEncoding = 4; lastKnownFileType = sourcecode.c.objc; path = MgPathLayerState.m; sourceTree = "<group>"; };
		57F567DA18DB63B4006E1B3C /* MgRectLayerState.h */ = {isa = PBXFileReference; fileEncoding = 4; lastKnownFileType = sourcecode.c.h; path = MgRectLayerState.h; sourceTree = "<group>"; };
		57F567DB18DB63B4006E1B3C /* MgRectLayerState.m */ = {isa = PBXFileReference; fileEncoding = 4; lastKnownFileType = sourcecode.c.objc; path = MgRectLayerState.m; sourceTree = "<group>"; };
		57F567E718DBB388006E1B3C /* MgModuleLayer.h */ = {isa = PBXFileReference; fileEncoding = 4; lastKnownFileType = sourcecode.c.h; path = MgModuleLayer.h; sourceTree = "<group>"; };
		57F567E818DBB388006E1B3C /* MgModuleLayer.m */ = {isa = PBXFileReference; fileEncoding = 4; lastKnownFileType = sourcecode.c.objc; path = MgModuleLayer.m; sourceTree = "<group>"; };
		57F567EA18DBB70C006E1B3C /* MgModuleState.h */ = {isa = PBXFileReference; fileEncoding = 4; lastKnownFileType = sourcecode.c.h; path = MgModuleState.h; sourceTree = "<group>"; };
		57F567EB18DBB70C006E1B3C /* MgModuleState.m */ = {isa = PBXFileReference; fileEncoding = 4; lastKnownFileType = sourcecode.c.objc; path = MgModuleState.m; sourceTree = "<group>"; };
/* End PBXFileReference section */

/* Begin PBXFrameworksBuildPhase section */
		5714A8AD18BD322900ED67EE /* Frameworks */ = {
			isa = PBXFrameworksBuildPhase;
			buildActionMask = 2147483647;
			files = (
				57E776BB18BD3498007CD31F /* CoreFoundation.framework in Frameworks */,
				57E776B918BD3493007CD31F /* Foundation.framework in Frameworks */,
				57E776B818BD348D007CD31F /* CoreGraphics.framework in Frameworks */,
				57E776B618BD3488007CD31F /* ImageIO.framework in Frameworks */,
				57E776B418BD347D007CD31F /* AppKit.framework in Frameworks */,
				57E776B318BD3478007CD31F /* Quartz.framework in Frameworks */,
			);
			runOnlyForDeploymentPostprocessing = 0;
		};
/* End PBXFrameworksBuildPhase section */

/* Begin PBXGroup section */
		5714A8A718BD322900ED67EE = {
			isa = PBXGroup;
			children = (
				57E776BC18BD35D0007CD31F /* src */,
				575F56D118C357080034B28C /* lib */,
				57E776BD18BD35DF007CD31F /* Nibs */,
				57E776BE18BD3609007CD31F /* Resources */,
				5714A8B218BD322900ED67EE /* Frameworks */,
				5714A8B118BD322900ED67EE /* Products */,
			);
			sourceTree = "<group>";
		};
		5714A8B118BD322900ED67EE /* Products */ = {
			isa = PBXGroup;
			children = (
				5714A8B018BD322900ED67EE /* Glint.app */,
			);
			name = Products;
			sourceTree = "<group>";
		};
		5714A8B218BD322900ED67EE /* Frameworks */ = {
			isa = PBXGroup;
			children = (
				57E776BA18BD3498007CD31F /* CoreFoundation.framework */,
				57E776B718BD348D007CD31F /* CoreGraphics.framework */,
				57E776B518BD3487007CD31F /* ImageIO.framework */,
				57E776B218BD3478007CD31F /* Quartz.framework */,
				5714A8B618BD322900ED67EE /* AppKit.framework */,
				5714A8B818BD322900ED67EE /* Foundation.framework */,
			);
			name = Frameworks;
			sourceTree = "<group>";
		};
		575F56D118C357080034B28C /* lib */ = {
			isa = PBXGroup;
			children = (
				575F56D218C357080034B28C /* api */,
				575F56F618C357080034B28C /* util */,
			);
			path = lib;
			sourceTree = "<group>";
		};
		575F56D218C357080034B28C /* api */ = {
			isa = PBXGroup;
			children = (
				574D310A18D2737300B1D094 /* Mg.h */,
				575ACECA18CFCFE100161C70 /* MgBase.h */,
				57369C4818E1E70700A9FD0A /* MgBezierTimingFunction.h */,
				57369C4918E1E70700A9FD0A /* MgBezierTimingFunction.mm */,
				575ACECF18CFCFE100161C70 /* MgCoreAnimationLayer.h */,
				575ACED018CFCFE100161C70 /* MgCoreAnimationLayer.m */,
				575ACED118CFCFE100161C70 /* MgDrawingLayer.h */,
				575ACED218CFCFE100161C70 /* MgDrawingLayer.m */,
				57369C5718E23EA000A9FD0A /* MgFunction.h */,
				57369C5818E23EA000A9FD0A /* MgFunction.m */,
				575ACED518CFCFE100161C70 /* MgGradientLayer.h */,
				575ACED618CFCFE100161C70 /* MgGradientLayer.m */,
				57F567CE18DB63B4006E1B3C /* MgGradientLayerState.h */,
				57F567CF18DB63B4006E1B3C /* MgGradientLayerState.m */,
				575ACEFE18CFD00100161C70 /* MgGroupLayer.h */,
				575ACEFF18CFD00100161C70 /* MgGroupLayer.m */,
				57F567D018DB63B4006E1B3C /* MgGroupLayerState.h */,
				57F567D118DB63B4006E1B3C /* MgGroupLayerState.m */,
				575ACED918CFCFE100161C70 /* MgImageLayer.h */,
				575ACEDA18CFCFE100161C70 /* MgImageLayer.m */,
				57F567D218DB63B4006E1B3C /* MgImageLayerState.h */,
				57F567D318DB63B4006E1B3C /* MgImageLayerState.m */,
				575ACEDB18CFCFE100161C70 /* MgImageProvider.h */,
				575ACEDC18CFCFE100161C70 /* MgImageProvider.m */,
				575ACEDD18CFCFE100161C70 /* MgLayer.h */,
				575ACEDE18CFCFE100161C70 /* MgLayer.m */,
				575ACEDF18CFCFE100161C70 /* MgLayerInternal.h */,
				575ACEE018CFCFE100161C70 /* MgLayerPasteboard.m */,
				57F567D418DB63B4006E1B3C /* MgLayerState.h */,
				57F567D518DB63B4006E1B3C /* MgLayerState.m */,
				57F567E718DBB388006E1B3C /* MgModuleLayer.h */,
				57F567E818DBB388006E1B3C /* MgModuleLayer.m */,
				57F567EA18DBB70C006E1B3C /* MgModuleState.h */,
				57F567EB18DBB70C006E1B3C /* MgModuleState.m */,
				575ACEE118CFCFE100161C70 /* MgNode.h */,
				575ACEE218CFCFE100161C70 /* MgNode.m */,
				575ACEE318CFCFE100161C70 /* MgNodeInternal.h */,
				575ACEE418CFCFE100161C70 /* MgNodePasteboard.h */,
				575ACEE518CFCFE100161C70 /* MgNodePasteboard.m */,
				57F567D618DB63B4006E1B3C /* MgNodeState.h */,
				57F567D718DB63B4006E1B3C /* MgNodeState.m */,
				57369C5A18E23F1600A9FD0A /* MgNodeTransition.h */,
				57369C5B18E23F1600A9FD0A /* MgNodeTransition.m */,
				575ACEE618CFCFE100161C70 /* MgPathLayer.h */,
				575ACEE718CFCFE100161C70 /* MgPathLayer.m */,
				57F567D818DB63B4006E1B3C /* MgPathLayerState.h */,
				57F567D918DB63B4006E1B3C /* MgPathLayerState.m */,
				575ACEE818CFCFE100161C70 /* MgRectLayer.h */,
				575ACEE918CFCFE100161C70 /* MgRectLayer.m */,
				57F567DA18DB63B4006E1B3C /* MgRectLayerState.h */,
				57F567DB18DB63B4006E1B3C /* MgRectLayerState.m */,
				57369C4B18E1E70E00A9FD0A /* MgTimingFunction.h */,
				57369C4C18E1E70E00A9FD0A /* MgTimingFunction.m */,
			);
			path = api;
			sourceTree = "<group>";
		};
		575F56F618C357080034B28C /* util */ = {
			isa = PBXGroup;
			children = (
				579CAFD718C3F63A0051454F /* MgCoderExtensions.h */,
				579CAFD818C3F63A0051454F /* MgCoderExtensions.m */,
				579CAFCF18C381BD0051454F /* MgCoreGraphics.c */,
				579CAFD018C381BD0051454F /* MgCoreGraphics.h */,
				579CAFD218C385310051454F /* MgMacros.h */,
				57369C4718E1E70000A9FD0A /* MgUnitBezier.h */,
			);
			path = util;
			sourceTree = "<group>";
		};
		57E776BC18BD35D0007CD31F /* src */ = {
			isa = PBXGroup;
			children = (
				572A5B2118C4CE2000AB8086 /* GtAppDelegate.h */,
				572A5B2218C4CE2000AB8086 /* GtAppDelegate.m */,
				572A5B1718C4CD4100AB8086 /* GtBase.h */,
				5721E87818C69362000DA2C3 /* GtColor.h */,
				5721E87918C69363000DA2C3 /* GtColor.m */,
				5714A8C518BD322900ED67EE /* GtDocument.h */,
				5714A8C618BD322900ED67EE /* GtDocument.m */,
				572BFA9018D72255000E9B84 /* GtInspectorControl.h */,
				572BFA9118D72255000E9B84 /* GtInspectorControl.m */,
				572BFAA618D74E21000E9B84 /* GtInspectorBoolControl.h */,
				572BFAA718D74E21000E9B84 /* GtInspectorBoolControl.m */,
				572BFAA818D74E21000E9B84 /* GtInspectorColorControl.h */,
				572BFAA918D74E21000E9B84 /* GtInspectorColorControl.m */,
				572BFAAA18D74E21000E9B84 /* GtInspectorEnumControl.h */,
				572BFAAB18D74E21000E9B84 /* GtInspectorEnumControl.m */,
				572BFAAC18D74E21000E9B84 /* GtInspectorNumberControl.h */,
				572BFAAD18D74E21000E9B84 /* GtInspectorNumberControl.m */,
				572BFAAE18D74E21000E9B84 /* GtInspectorStringControl.h */,
				572BFAAF18D74E21000E9B84 /* GtInspectorStringControl.m */,
				572BFA9218D72255000E9B84 /* GtInspectorItem.h */,
				572BFA9318D72255000E9B84 /* GtInspectorItem.m */,
				572BFA9418D72255000E9B84 /* GtInspectorViewController.h */,
				572BFA9518D72255000E9B84 /* GtInspectorViewController.m */,
				572BFAB918D76363000E9B84 /* GtNumericTextField.h */,
				572BFABA18D76363000E9B84 /* GtNumericTextField.m */,
				572A5B1818C4CD4100AB8086 /* GtSplitView.h */,
				572A5B1918C4CD4100AB8086 /* GtSplitView.m */,
				5721E87E18C6A2DF000DA2C3 /* GtSplitViewController.h */,
				5721E87F18C6A2DF000DA2C3 /* GtSplitViewController.m */,
				57DE109C18DDA99F00B8EC27 /* GtStateListViewController.h */,
				57DE109D18DDA99F00B8EC27 /* GtStateListViewController.m */,
				572BFA9F18D72814000E9B84 /* GtTabViewController.h */,
				572BFAA018D72815000E9B84 /* GtTabViewController.m */,
				5738567618C746D80010CFB7 /* GtTreeNode.h */,
				5738567718C746D80010CFB7 /* GtTreeNode.m */,
				5725D96718D8C82500DECE97 /* GtTreeView.h */,
				5725D96818D8C82500DECE97 /* GtTreeView.m */,
				5721E87218C67439000DA2C3 /* GtTreeViewController.h */,
				5721E87318C67439000DA2C3 /* GtTreeViewController.m */,
				572A5B1A18C4CD4100AB8086 /* GtViewController.h */,
				572A5B1B18C4CD4100AB8086 /* GtViewController.m */,
				57B111B518D0BB8C00A41A64 /* GtViewerOverlayLayer.h */,
				57B111B618D0BB8C00A41A64 /* GtViewerOverlayLayer.m */,
				57618DB318C5D1B6004108D8 /* GtViewerView.h */,
				57618DB418C5D1B6004108D8 /* GtViewerView.m */,
				57618DB518C5D1B6004108D8 /* GtViewerViewController.h */,
				57618DB618C5D1B6004108D8 /* GtViewerViewController.m */,
				572A5B1C18C4CD4100AB8086 /* GtWindowController.h */,
				572A5B1D18C4CD4100AB8086 /* GtWindowController.m */,
				5738567918C74CCC0010CFB7 /* AppKitExtensions.h */,
				5738567A18C74CCC0010CFB7 /* AppKitExtensions.m */,
				57618DBC18C5D538004108D8 /* CoreAnimationExtensions.h */,
				57618DBD18C5D538004108D8 /* CoreAnimationExtensions.m */,
				5721E86F18C6212D000DA2C3 /* FoundationExtensions.h */,
				5721E87018C6212D000DA2C3 /* FoundationExtensions.m */,
				5714A8C118BD322900ED67EE /* Glint-Prefix.pch */,
				5714A8BF18BD322900ED67EE /* main.m */,
			);
			name = src;
			sourceTree = SOURCE_ROOT;
		};
		57E776BD18BD35DF007CD31F /* Nibs */ = {
			isa = PBXGroup;
			children = (
				5714A8CB18BD322900ED67EE /* MainMenu.xib */,
				572BFA9918D72263000E9B84 /* GtInspectorView.xib */,
				57DE10A118DDF15900B8EC27 /* GtStateListView.xib */,
				572BFA9C18D72722000E9B84 /* GtTabView.xib */,
				5721E87518C6745A000DA2C3 /* GtTreeView.xib */,
				57618DB918C5D1F5004108D8 /* GtViewerView.xib */,
				572A5B2618C4CF6200AB8086 /* GtWindow.xib */,
			);
			name = Nibs;
			sourceTree = "<group>";
		};
		57E776BE18BD3609007CD31F /* Resources */ = {
			isa = PBXGroup;
			children = (
				572BFAB518D751E5000E9B84 /* classes.json */,
				572BFAA418D74089000E9B84 /* defaults.json */,
				572BFAB618D751E5000E9B84 /* inspector.json */,
				572BFAA218D73E6D000E9B84 /* view-controllers.json */,
				5714A8BB18BD322900ED67EE /* Glint-Info.plist */,
				572B2F7918D605F700BF4B1C /* Glint.icns */,
				572B2F7A18D605F700BF4B1C /* GlintDocument.icns */,
				5714A8CE18BD322900ED67EE /* Images.xcassets */,
				5714A8BC18BD322900ED67EE /* InfoPlist.strings */,
			);
			name = Resources;
			sourceTree = "<group>";
		};
/* End PBXGroup section */

/* Begin PBXNativeTarget section */
		5714A8AF18BD322900ED67EE /* Glint */ = {
			isa = PBXNativeTarget;
			buildConfigurationList = 5714A8E418BD322900ED67EE /* Build configuration list for PBXNativeTarget "Glint" */;
			buildPhases = (
				5714A8AC18BD322900ED67EE /* Sources */,
				5714A8AD18BD322900ED67EE /* Frameworks */,
				5714A8AE18BD322900ED67EE /* Resources */,
			);
			buildRules = (
			);
			dependencies = (
			);
			name = Glint;
			productName = Glint;
			productReference = 5714A8B018BD322900ED67EE /* Glint.app */;
			productType = "com.apple.product-type.application";
		};
/* End PBXNativeTarget section */

/* Begin PBXProject section */
		5714A8A818BD322900ED67EE /* Project object */ = {
			isa = PBXProject;
			attributes = {
				CLASSPREFIX = Gt;
				LastUpgradeCheck = 0510;
				ORGANIZATIONNAME = Unfactored;
			};
			buildConfigurationList = 5714A8AB18BD322900ED67EE /* Build configuration list for PBXProject "Glint" */;
			compatibilityVersion = "Xcode 3.2";
			developmentRegion = English;
			hasScannedForEncodings = 0;
			knownRegions = (
				en,
				Base,
			);
			mainGroup = 5714A8A718BD322900ED67EE;
			productRefGroup = 5714A8B118BD322900ED67EE /* Products */;
			projectDirPath = "";
			projectRoot = "";
			targets = (
				5714A8AF18BD322900ED67EE /* Glint */,
			);
		};
/* End PBXProject section */

/* Begin PBXResourcesBuildPhase section */
		5714A8AE18BD322900ED67EE /* Resources */ = {
			isa = PBXResourcesBuildPhase;
			buildActionMask = 2147483647;
			files = (
				5721E87718C6745A000DA2C3 /* GtTreeView.xib in Resources */,
				572A5B2818C4CF6200AB8086 /* GtWindow.xib in Resources */,
				57DE10A318DDF15900B8EC27 /* GtStateListView.xib in Resources */,
				572BFA9E18D72722000E9B84 /* GtTabView.xib in Resources */,
				572BFAB718D751E5000E9B84 /* classes.json in Resources */,
				5714A8CF18BD322900ED67EE /* Images.xcassets in Resources */,
				572B2F7B18D605F700BF4B1C /* Glint.icns in Resources */,
				572BFAA518D74089000E9B84 /* defaults.json in Resources */,
				57618DBB18C5D1F5004108D8 /* GtViewerView.xib in Resources */,
				572B2F7C18D605F700BF4B1C /* GlintDocument.icns in Resources */,
				572BFAB818D751E5000E9B84 /* inspector.json in Resources */,
				572BFAA318D73E6D000E9B84 /* view-controllers.json in Resources */,
				5714A8BE18BD322900ED67EE /* InfoPlist.strings in Resources */,
				5714A8CD18BD322900ED67EE /* MainMenu.xib in Resources */,
				572BFA9B18D72263000E9B84 /* GtInspectorView.xib in Resources */,
			);
			runOnlyForDeploymentPostprocessing = 0;
		};
/* End PBXResourcesBuildPhase section */

/* Begin PBXSourcesBuildPhase section */
		5714A8AC18BD322900ED67EE /* Sources */ = {
			isa = PBXSourcesBuildPhase;
			buildActionMask = 2147483647;
			files = (
				57DE109E18DDA99F00B8EC27 /* GtStateListViewController.m in Sources */,
				579CAFD918C3F63A0051454F /* MgCoderExtensions.m in Sources */,
				572BFA9618D72256000E9B84 /* GtInspectorControl.m in Sources */,
				572BFA9818D72256000E9B84 /* GtInspectorViewController.m in Sources */,
				57F567E318DB63B4006E1B3C /* MgNodeState.m in Sources */,
				5721E87118C6212D000DA2C3 /* FoundationExtensions.m in Sources */,
				57F567DF18DB63B4006E1B3C /* MgGradientLayerState.m in Sources */,
				572BFAB218D74E21000E9B84 /* GtInspectorEnumControl.m in Sources */,
				57369C4A18E1E70700A9FD0A /* MgBezierTimingFunction.mm in Sources */,
				57369C4D18E1E70E00A9FD0A /* MgTimingFunction.m in Sources */,
				5721E88018C6A2DF000DA2C3 /* GtSplitViewController.m in Sources */,
				575ACEFA18CFCFE100161C70 /* MgNodePasteboard.m in Sources */,
				575ACEF818CFCFE100161C70 /* MgLayerPasteboard.m in Sources */,
				572A5B2018C4CD4100AB8086 /* GtWindowController.m in Sources */,
				572BFABB18D76363000E9B84 /* GtNumericTextField.m in Sources */,
				579CAFD118C381BD0051454F /* MgCoreGraphics.c in Sources */,
				575ACF0018CFD00100161C70 /* MgGroupLayer.m in Sources */,
				575ACEF718CFCFE100161C70 /* MgLayer.m in Sources */,
				57B111B718D0BB8C00A41A64 /* GtViewerOverlayLayer.m in Sources */,
				572A5B1F18C4CD4100AB8086 /* GtViewController.m in Sources */,
				572BFAB418D74E21000E9B84 /* GtInspectorStringControl.m in Sources */,
				57618DBE18C5D538004108D8 /* CoreAnimationExtensions.m in Sources */,
				57369C5C18E23F1600A9FD0A /* MgNodeTransition.m in Sources */,
				575ACEF318CFCFE100161C70 /* MgGradientLayer.m in Sources */,
				572A5B2318C4CE2000AB8086 /* GtAppDelegate.m in Sources */,
				57F567E918DBB388006E1B3C /* MgModuleLayer.m in Sources */,
				57F567E118DB63B4006E1B3C /* MgImageLayerState.m in Sources */,
				575ACEFB18CFCFE100161C70 /* MgPathLayer.m in Sources */,
				572BFAB318D74E21000E9B84 /* GtInspectorNumberControl.m in Sources */,
				5725D96918D8C82500DECE97 /* GtTreeView.m in Sources */,
				572BFA9718D72256000E9B84 /* GtInspectorItem.m in Sources */,
				5714A8C718BD322900ED67EE /* GtDocument.m in Sources */,
				5721E87A18C69363000DA2C3 /* GtColor.m in Sources */,
				57F567E418DB63B4006E1B3C /* MgPathLayerState.m in Sources */,
				5738567818C746D80010CFB7 /* GtTreeNode.m in Sources */,
				575ACEFC18CFCFE100161C70 /* MgRectLayer.m in Sources */,
				572A5B1E18C4CD4100AB8086 /* GtSplitView.m in Sources */,
				57618DB718C5D1B6004108D8 /* GtViewerView.m in Sources */,
				57369C5918E23EA000A9FD0A /* MgFunction.m in Sources */,
				5714A8C018BD322900ED67EE /* main.m in Sources */,
				575ACEF618CFCFE100161C70 /* MgImageProvider.m in Sources */,
				57F567E218DB63B4006E1B3C /* MgLayerState.m in Sources */,
				572BFAB118D74E21000E9B84 /* GtInspectorColorControl.m in Sources */,
				57F567E518DB63B4006E1B3C /* MgRectLayerState.m in Sources */,
				57F567E018DB63B4006E1B3C /* MgGroupLayerState.m in Sources */,
				575ACEF018CFCFE100161C70 /* MgCoreAnimationLayer.m in Sources */,
				572BFAA118D72815000E9B84 /* GtTabViewController.m in Sources */,
				5738567B18C74CCC0010CFB7 /* AppKitExtensions.m in Sources */,
				572BFAB018D74E21000E9B84 /* GtInspectorBoolControl.m in Sources */,
				575ACEF518CFCFE100161C70 /* MgImageLayer.m in Sources */,
				57618DB818C5D1B6004108D8 /* GtViewerViewController.m in Sources */,
				575ACEF118CFCFE100161C70 /* MgDrawingLayer.m in Sources */,
				57F567EC18DBB70C006E1B3C /* MgModuleState.m in Sources */,
				575ACEF918CFCFE100161C70 /* MgNode.m in Sources */,
				5721E87418C67439000DA2C3 /* GtTreeViewController.m in Sources */,
			);
			runOnlyForDeploymentPostprocessing = 0;
		};
/* End PBXSourcesBuildPhase section */

/* Begin PBXVariantGroup section */
		5714A8BC18BD322900ED67EE /* InfoPlist.strings */ = {
			isa = PBXVariantGroup;
			children = (
				5714A8BD18BD322900ED67EE /* en */,
			);
			name = InfoPlist.strings;
			path = resources;
			sourceTree = "<group>";
		};
		5714A8CB18BD322900ED67EE /* MainMenu.xib */ = {
			isa = PBXVariantGroup;
			children = (
				5714A8CC18BD322900ED67EE /* Base */,
			);
			name = MainMenu.xib;
			path = resources;
			sourceTree = "<group>";
		};
		5721E87518C6745A000DA2C3 /* GtTreeView.xib */ = {
			isa = PBXVariantGroup;
			children = (
				5721E87618C6745A000DA2C3 /* en */,
			);
			name = GtTreeView.xib;
			sourceTree = "<group>";
		};
		572A5B2618C4CF6200AB8086 /* GtWindow.xib */ = {
			isa = PBXVariantGroup;
			children = (
				572A5B2718C4CF6200AB8086 /* en */,
			);
			name = GtWindow.xib;
			sourceTree = "<group>";
		};
		572BFA9918D72263000E9B84 /* GtInspectorView.xib */ = {
			isa = PBXVariantGroup;
			children = (
				572BFA9A18D72263000E9B84 /* en */,
			);
			name = GtInspectorView.xib;
			sourceTree = "<group>";
		};
		572BFA9C18D72722000E9B84 /* GtTabView.xib */ = {
			isa = PBXVariantGroup;
			children = (
				572BFA9D18D72722000E9B84 /* en */,
			);
			name = GtTabView.xib;
			sourceTree = "<group>";
		};
		57618DB918C5D1F5004108D8 /* GtViewerView.xib */ = {
			isa = PBXVariantGroup;
			children = (
				57618DBA18C5D1F5004108D8 /* en */,
			);
			name = GtViewerView.xib;
			sourceTree = "<group>";
		};
		57DE10A118DDF15900B8EC27 /* GtStateListView.xib */ = {
			isa = PBXVariantGroup;
			children = (
				57DE10A218DDF15900B8EC27 /* en */,
			);
			name = GtStateListView.xib;
			sourceTree = "<group>";
		};
/* End PBXVariantGroup section */

/* Begin XCBuildConfiguration section */
		5714A8E218BD322900ED67EE /* Debug */ = {
			isa = XCBuildConfiguration;
			buildSettings = {
				ALWAYS_SEARCH_USER_PATHS = NO;
				CLANG_CXX_LANGUAGE_STANDARD = "c++0x";
				CLANG_CXX_LIBRARY = "libc++";
				CLANG_ENABLE_MODULES = YES;
				CLANG_ENABLE_OBJC_ARC = YES;
				COPY_PHASE_STRIP = NO;
				GCC_C_LANGUAGE_STANDARD = gnu99;
				GCC_ENABLE_CPP_EXCEPTIONS = NO;
				GCC_ENABLE_CPP_RTTI = NO;
				GCC_ENABLE_OBJC_EXCEPTIONS = YES;
				GCC_OPTIMIZATION_LEVEL = 0;
				GCC_PREPROCESSOR_DEFINITIONS = (
					"DEBUG=1",
					"$(inherited)",
				);
				GCC_TREAT_WARNINGS_AS_ERRORS = YES;
				MACOSX_DEPLOYMENT_TARGET = 10.9;
				ONLY_ACTIVE_ARCH = YES;
				SDKROOT = macosx;
				WARNING_CFLAGS = "-Wall";
			};
			name = Debug;
		};
		5714A8E318BD322900ED67EE /* Release */ = {
			isa = XCBuildConfiguration;
			buildSettings = {
				ALWAYS_SEARCH_USER_PATHS = NO;
				CLANG_CXX_LANGUAGE_STANDARD = "c++0x";
				CLANG_CXX_LIBRARY = "libc++";
				CLANG_ENABLE_MODULES = YES;
				CLANG_ENABLE_OBJC_ARC = YES;
				COPY_PHASE_STRIP = NO;
				ENABLE_NS_ASSERTIONS = NO;
				GCC_C_LANGUAGE_STANDARD = gnu99;
				GCC_ENABLE_CPP_EXCEPTIONS = NO;
				GCC_ENABLE_CPP_RTTI = NO;
				GCC_ENABLE_OBJC_EXCEPTIONS = YES;
				MACOSX_DEPLOYMENT_TARGET = 10.9;
				SDKROOT = macosx;
				WARNING_CFLAGS = "-Wall";
			};
			name = Release;
		};
		5714A8E518BD322900ED67EE /* Debug */ = {
			isa = XCBuildConfiguration;
			buildSettings = {
				COMBINE_HIDPI_IMAGES = YES;
				GCC_PRECOMPILE_PREFIX_HEADER = YES;
				GCC_PREFIX_HEADER = "src/Glint-Prefix.pch";
				INFOPLIST_FILE = "$(SRCROOT)/resources/Glint-Info.plist";
				PRODUCT_NAME = "$(TARGET_NAME)";
				WRAPPER_EXTENSION = app;
			};
			name = Debug;
		};
		5714A8E618BD322900ED67EE /* Release */ = {
			isa = XCBuildConfiguration;
			buildSettings = {
				COMBINE_HIDPI_IMAGES = YES;
				GCC_PRECOMPILE_PREFIX_HEADER = YES;
				GCC_PREFIX_HEADER = "src/Glint-Prefix.pch";
				INFOPLIST_FILE = "$(SRCROOT)/resources/Glint-Info.plist";
				PRODUCT_NAME = "$(TARGET_NAME)";
				WRAPPER_EXTENSION = app;
			};
			name = Release;
		};
/* End XCBuildConfiguration section */

/* Begin XCConfigurationList section */
		5714A8AB18BD322900ED67EE /* Build configuration list for PBXProject "Glint" */ = {
			isa = XCConfigurationList;
			buildConfigurations = (
				5714A8E218BD322900ED67EE /* Debug */,
				5714A8E318BD322900ED67EE /* Release */,
			);
			defaultConfigurationIsVisible = 0;
			defaultConfigurationName = Release;
		};
		5714A8E418BD322900ED67EE /* Build configuration list for PBXNativeTarget "Glint" */ = {
			isa = XCConfigurationList;
			buildConfigurations = (
				5714A8E518BD322900ED67EE /* Debug */,
				5714A8E618BD322900ED67EE /* Release */,
			);
			defaultConfigurationIsVisible = 0;
			defaultConfigurationName = Release;
		};
/* End XCConfigurationList section */
	};
	rootObject = 5714A8A818BD322900ED67EE /* Project object */;
}
